// !$*UTF8*$!
{
	archiveVersion = 1;
	classes = {
	};
	objectVersion = 56;
	objects = {

/* Begin PBXBuildFile section */
		9D0593252B7ED418002D3427 /* PomoAppApp.swift in Sources */ = {isa = PBXBuildFile; fileRef = 9D0593242B7ED418002D3427 /* PomoAppApp.swift */; };
		9D0593292B7ED41A002D3427 /* Assets.xcassets in Resources */ = {isa = PBXBuildFile; fileRef = 9D0593282B7ED41A002D3427 /* Assets.xcassets */; };
		9D05932C2B7ED41A002D3427 /* Preview Assets.xcassets in Resources */ = {isa = PBXBuildFile; fileRef = 9D05932B2B7ED41A002D3427 /* Preview Assets.xcassets */; };
		9DD84A5E2B8AAD73004A35A4 /* PomoAppMenuBarApp.swift in Sources */ = {isa = PBXBuildFile; fileRef = 9DD84A5D2B8AAD73004A35A4 /* PomoAppMenuBarApp.swift */; };
		9DD84A602B8AAD73004A35A4 /* ContentView.swift in Sources */ = {isa = PBXBuildFile; fileRef = 9DD84A5F2B8AAD73004A35A4 /* ContentView.swift */; };
		9DD84A622B8AAD75004A35A4 /* Assets.xcassets in Resources */ = {isa = PBXBuildFile; fileRef = 9DD84A612B8AAD75004A35A4 /* Assets.xcassets */; };
		9DD84A652B8AAD75004A35A4 /* Preview Assets.xcassets in Resources */ = {isa = PBXBuildFile; fileRef = 9DD84A642B8AAD75004A35A4 /* Preview Assets.xcassets */; };
		9DD8B4372B86E467008A57C1 /* RootView.swift in Sources */ = {isa = PBXBuildFile; fileRef = 9DD8B4362B86E467008A57C1 /* RootView.swift */; };
		9DD8B4392B86E6A9008A57C1 /* TodoView.swift in Sources */ = {isa = PBXBuildFile; fileRef = 9DD8B4382B86E6A9008A57C1 /* TodoView.swift */; };
		9DD8B43B2B86E87D008A57C1 /* TodoItem.swift in Sources */ = {isa = PBXBuildFile; fileRef = 9DD8B43A2B86E87D008A57C1 /* TodoItem.swift */; };
		9DD8B43D2B86EB04008A57C1 /* CreateTodoView.swift in Sources */ = {isa = PBXBuildFile; fileRef = 9DD8B43C2B86EB04008A57C1 /* CreateTodoView.swift */; };
		9DFEDC6E2B7F373C00B7DED7 /* MainViewModel.swift in Sources */ = {isa = PBXBuildFile; fileRef = 9DFEDC6D2B7F373C00B7DED7 /* MainViewModel.swift */; };
		9DFEDC722B7F3A6B00B7DED7 /* MainViewA.swift in Sources */ = {isa = PBXBuildFile; fileRef = 9DFEDC712B7F3A6B00B7DED7 /* MainViewA.swift */; };
/* End PBXBuildFile section */

/* Begin PBXFileReference section */
		9D0593212B7ED418002D3427 /* PomoApp.app */ = {isa = PBXFileReference; explicitFileType = wrapper.application; includeInIndex = 0; path = PomoApp.app; sourceTree = BUILT_PRODUCTS_DIR; };
		9D0593242B7ED418002D3427 /* PomoAppApp.swift */ = {isa = PBXFileReference; lastKnownFileType = sourcecode.swift; path = PomoAppApp.swift; sourceTree = "<group>"; };
		9D0593282B7ED41A002D3427 /* Assets.xcassets */ = {isa = PBXFileReference; lastKnownFileType = folder.assetcatalog; path = Assets.xcassets; sourceTree = "<group>"; };
		9D05932B2B7ED41A002D3427 /* Preview Assets.xcassets */ = {isa = PBXFileReference; lastKnownFileType = folder.assetcatalog; path = "Preview Assets.xcassets"; sourceTree = "<group>"; };
		9DD84A5B2B8AAD73004A35A4 /* PomoAppMenuBar.app */ = {isa = PBXFileReference; explicitFileType = wrapper.application; includeInIndex = 0; path = PomoAppMenuBar.app; sourceTree = BUILT_PRODUCTS_DIR; };
		9DD84A5D2B8AAD73004A35A4 /* PomoAppMenuBarApp.swift */ = {isa = PBXFileReference; lastKnownFileType = sourcecode.swift; path = PomoAppMenuBarApp.swift; sourceTree = "<group>"; };
		9DD84A5F2B8AAD73004A35A4 /* ContentView.swift */ = {isa = PBXFileReference; lastKnownFileType = sourcecode.swift; path = ContentView.swift; sourceTree = "<group>"; };
		9DD84A612B8AAD75004A35A4 /* Assets.xcassets */ = {isa = PBXFileReference; lastKnownFileType = folder.assetcatalog; path = Assets.xcassets; sourceTree = "<group>"; };
		9DD84A642B8AAD75004A35A4 /* Preview Assets.xcassets */ = {isa = PBXFileReference; lastKnownFileType = folder.assetcatalog; path = "Preview Assets.xcassets"; sourceTree = "<group>"; };
		9DD84A662B8AAD75004A35A4 /* PomoAppMenuBar.entitlements */ = {isa = PBXFileReference; lastKnownFileType = text.plist.entitlements; path = PomoAppMenuBar.entitlements; sourceTree = "<group>"; };
		9DD8B4362B86E467008A57C1 /* RootView.swift */ = {isa = PBXFileReference; lastKnownFileType = sourcecode.swift; path = RootView.swift; sourceTree = "<group>"; };
		9DD8B4382B86E6A9008A57C1 /* TodoView.swift */ = {isa = PBXFileReference; lastKnownFileType = sourcecode.swift; path = TodoView.swift; sourceTree = "<group>"; };
		9DD8B43A2B86E87D008A57C1 /* TodoItem.swift */ = {isa = PBXFileReference; lastKnownFileType = sourcecode.swift; path = TodoItem.swift; sourceTree = "<group>"; };
		9DD8B43C2B86EB04008A57C1 /* CreateTodoView.swift */ = {isa = PBXFileReference; lastKnownFileType = sourcecode.swift; path = CreateTodoView.swift; sourceTree = "<group>"; };
		9DFEDC6D2B7F373C00B7DED7 /* MainViewModel.swift */ = {isa = PBXFileReference; lastKnownFileType = sourcecode.swift; path = MainViewModel.swift; sourceTree = "<group>"; };
		9DFEDC712B7F3A6B00B7DED7 /* MainViewA.swift */ = {isa = PBXFileReference; lastKnownFileType = sourcecode.swift; path = MainViewA.swift; sourceTree = "<group>"; };
/* End PBXFileReference section */

/* Begin PBXFrameworksBuildPhase section */
		9D05931E2B7ED418002D3427 /* Frameworks */ = {
			isa = PBXFrameworksBuildPhase;
			buildActionMask = 2147483647;
			files = (
			);
			runOnlyForDeploymentPostprocessing = 0;
		};
		9DD84A582B8AAD73004A35A4 /* Frameworks */ = {
			isa = PBXFrameworksBuildPhase;
			buildActionMask = 2147483647;
			files = (
			);
			runOnlyForDeploymentPostprocessing = 0;
		};
/* End PBXFrameworksBuildPhase section */

/* Begin PBXGroup section */
		9D0593182B7ED417002D3427 = {
			isa = PBXGroup;
			children = (
				9D0593232B7ED418002D3427 /* PomoApp */,
				9DD84A5C2B8AAD73004A35A4 /* PomoAppMenuBar */,
				9D0593222B7ED418002D3427 /* Products */,
			);
			sourceTree = "<group>";
		};
		9D0593222B7ED418002D3427 /* Products */ = {
			isa = PBXGroup;
			children = (
				9D0593212B7ED418002D3427 /* PomoApp.app */,
				9DD84A5B2B8AAD73004A35A4 /* PomoAppMenuBar.app */,
			);
			name = Products;
			sourceTree = "<group>";
		};
		9D0593232B7ED418002D3427 /* PomoApp */ = {
			isa = PBXGroup;
			children = (
				9DD8B43A2B86E87D008A57C1 /* TodoItem.swift */,
				9DD8B4362B86E467008A57C1 /* RootView.swift */,
				9DFEDC6D2B7F373C00B7DED7 /* MainViewModel.swift */,
				9DFEDC712B7F3A6B00B7DED7 /* MainViewA.swift */,
				9D0593242B7ED418002D3427 /* PomoAppApp.swift */,
				9DD8B43C2B86EB04008A57C1 /* CreateTodoView.swift */,
				9DD8B4382B86E6A9008A57C1 /* TodoView.swift */,
				9D0593282B7ED41A002D3427 /* Assets.xcassets */,
				9D05932A2B7ED41A002D3427 /* Preview Content */,
			);
			path = PomoApp;
			sourceTree = "<group>";
		};
		9D05932A2B7ED41A002D3427 /* Preview Content */ = {
			isa = PBXGroup;
			children = (
				9D05932B2B7ED41A002D3427 /* Preview Assets.xcassets */,
			);
			path = "Preview Content";
			sourceTree = "<group>";
		};
		9DD84A5C2B8AAD73004A35A4 /* PomoAppMenuBar */ = {
			isa = PBXGroup;
			children = (
				9DD84A5D2B8AAD73004A35A4 /* PomoAppMenuBarApp.swift */,
				9DD84A5F2B8AAD73004A35A4 /* ContentView.swift */,
				9DD84A612B8AAD75004A35A4 /* Assets.xcassets */,
				9DD84A662B8AAD75004A35A4 /* PomoAppMenuBar.entitlements */,
				9DD84A632B8AAD75004A35A4 /* Preview Content */,
			);
			path = PomoAppMenuBar;
			sourceTree = "<group>";
		};
		9DD84A632B8AAD75004A35A4 /* Preview Content */ = {
			isa = PBXGroup;
			children = (
				9DD84A642B8AAD75004A35A4 /* Preview Assets.xcassets */,
			);
			path = "Preview Content";
			sourceTree = "<group>";
		};
/* End PBXGroup section */

/* Begin PBXNativeTarget section */
		9D0593202B7ED418002D3427 /* PomoApp */ = {
			isa = PBXNativeTarget;
			buildConfigurationList = 9D05932F2B7ED41A002D3427 /* Build configuration list for PBXNativeTarget "PomoApp" */;
			buildPhases = (
				9D05931D2B7ED418002D3427 /* Sources */,
				9D05931E2B7ED418002D3427 /* Frameworks */,
				9D05931F2B7ED418002D3427 /* Resources */,
			);
			buildRules = (
			);
			dependencies = (
			);
			name = PomoApp;
			productName = PomoApp;
			productReference = 9D0593212B7ED418002D3427 /* PomoApp.app */;
			productType = "com.apple.product-type.application";
		};
		9DD84A5A2B8AAD73004A35A4 /* PomoAppMenuBar */ = {
			isa = PBXNativeTarget;
			buildConfigurationList = 9DD84A692B8AAD75004A35A4 /* Build configuration list for PBXNativeTarget "PomoAppMenuBar" */;
			buildPhases = (
				9DD84A572B8AAD73004A35A4 /* Sources */,
				9DD84A582B8AAD73004A35A4 /* Frameworks */,
				9DD84A592B8AAD73004A35A4 /* Resources */,
			);
			buildRules = (
			);
			dependencies = (
			);
			name = PomoAppMenuBar;
			productName = PomoAppMenuBar;
			productReference = 9DD84A5B2B8AAD73004A35A4 /* PomoAppMenuBar.app */;
			productType = "com.apple.product-type.application";
		};
/* End PBXNativeTarget section */

/* Begin PBXProject section */
		9D0593192B7ED417002D3427 /* Project object */ = {
			isa = PBXProject;
			attributes = {
				BuildIndependentTargetsInParallel = 1;
				LastSwiftUpdateCheck = 1520;
				LastUpgradeCheck = 1520;
				TargetAttributes = {
					9D0593202B7ED418002D3427 = {
						CreatedOnToolsVersion = 15.2;
					};
					9DD84A5A2B8AAD73004A35A4 = {
						CreatedOnToolsVersion = 15.2;
					};
				};
			};
			buildConfigurationList = 9D05931C2B7ED418002D3427 /* Build configuration list for PBXProject "PomoApp" */;
			compatibilityVersion = "Xcode 14.0";
			developmentRegion = en;
			hasScannedForEncodings = 0;
			knownRegions = (
				en,
				Base,
			);
			mainGroup = 9D0593182B7ED417002D3427;
			productRefGroup = 9D0593222B7ED418002D3427 /* Products */;
			projectDirPath = "";
			projectRoot = "";
			targets = (
				9D0593202B7ED418002D3427 /* PomoApp */,
				9DD84A5A2B8AAD73004A35A4 /* PomoAppMenuBar */,
			);
		};
/* End PBXProject section */

/* Begin PBXResourcesBuildPhase section */
		9D05931F2B7ED418002D3427 /* Resources */ = {
			isa = PBXResourcesBuildPhase;
			buildActionMask = 2147483647;
			files = (
				9D05932C2B7ED41A002D3427 /* Preview Assets.xcassets in Resources */,
				9D0593292B7ED41A002D3427 /* Assets.xcassets in Resources */,
			);
			runOnlyForDeploymentPostprocessing = 0;
		};
		9DD84A592B8AAD73004A35A4 /* Resources */ = {
			isa = PBXResourcesBuildPhase;
			buildActionMask = 2147483647;
			files = (
				9DD84A652B8AAD75004A35A4 /* Preview Assets.xcassets in Resources */,
				9DD84A622B8AAD75004A35A4 /* Assets.xcassets in Resources */,
			);
			runOnlyForDeploymentPostprocessing = 0;
		};
/* End PBXResourcesBuildPhase section */

/* Begin PBXSourcesBuildPhase section */
		9D05931D2B7ED418002D3427 /* Sources */ = {
			isa = PBXSourcesBuildPhase;
			buildActionMask = 2147483647;
			files = (
				9DD8B4372B86E467008A57C1 /* RootView.swift in Sources */,
				9DD8B43D2B86EB04008A57C1 /* CreateTodoView.swift in Sources */,
				9D0593252B7ED418002D3427 /* PomoAppApp.swift in Sources */,
				9DD8B4392B86E6A9008A57C1 /* TodoView.swift in Sources */,
				9DFEDC6E2B7F373C00B7DED7 /* MainViewModel.swift in Sources */,
				9DD8B43B2B86E87D008A57C1 /* TodoItem.swift in Sources */,
				9DFEDC722B7F3A6B00B7DED7 /* MainViewA.swift in Sources */,
			);
			runOnlyForDeploymentPostprocessing = 0;
		};
		9DD84A572B8AAD73004A35A4 /* Sources */ = {
			isa = PBXSourcesBuildPhase;
			buildActionMask = 2147483647;
			files = (
				9DD84A602B8AAD73004A35A4 /* ContentView.swift in Sources */,
				9DD84A5E2B8AAD73004A35A4 /* PomoAppMenuBarApp.swift in Sources */,
			);
			runOnlyForDeploymentPostprocessing = 0;
		};
/* End PBXSourcesBuildPhase section */

/* Begin XCBuildConfiguration section */
		9D05932D2B7ED41A002D3427 /* Debug */ = {
			isa = XCBuildConfiguration;
			buildSettings = {
				ALWAYS_SEARCH_USER_PATHS = NO;
				ASSETCATALOG_COMPILER_GENERATE_SWIFT_ASSET_SYMBOL_EXTENSIONS = YES;
				CLANG_ANALYZER_NONNULL = YES;
				CLANG_ANALYZER_NUMBER_OBJECT_CONVERSION = YES_AGGRESSIVE;
				CLANG_CXX_LANGUAGE_STANDARD = "gnu++20";
				CLANG_ENABLE_MODULES = YES;
				CLANG_ENABLE_OBJC_ARC = YES;
				CLANG_ENABLE_OBJC_WEAK = YES;
				CLANG_WARN_BLOCK_CAPTURE_AUTORELEASING = YES;
				CLANG_WARN_BOOL_CONVERSION = YES;
				CLANG_WARN_COMMA = YES;
				CLANG_WARN_CONSTANT_CONVERSION = YES;
				CLANG_WARN_DEPRECATED_OBJC_IMPLEMENTATIONS = YES;
				CLANG_WARN_DIRECT_OBJC_ISA_USAGE = YES_ERROR;
				CLANG_WARN_DOCUMENTATION_COMMENTS = YES;
				CLANG_WARN_EMPTY_BODY = YES;
				CLANG_WARN_ENUM_CONVERSION = YES;
				CLANG_WARN_INFINITE_RECURSION = YES;
				CLANG_WARN_INT_CONVERSION = YES;
				CLANG_WARN_NON_LITERAL_NULL_CONVERSION = YES;
				CLANG_WARN_OBJC_IMPLICIT_RETAIN_SELF = YES;
				CLANG_WARN_OBJC_LITERAL_CONVERSION = YES;
				CLANG_WARN_OBJC_ROOT_CLASS = YES_ERROR;
				CLANG_WARN_QUOTED_INCLUDE_IN_FRAMEWORK_HEADER = YES;
				CLANG_WARN_RANGE_LOOP_ANALYSIS = YES;
				CLANG_WARN_STRICT_PROTOTYPES = YES;
				CLANG_WARN_SUSPICIOUS_MOVE = YES;
				CLANG_WARN_UNGUARDED_AVAILABILITY = YES_AGGRESSIVE;
				CLANG_WARN_UNREACHABLE_CODE = YES;
				CLANG_WARN__DUPLICATE_METHOD_MATCH = YES;
				COPY_PHASE_STRIP = NO;
				DEBUG_INFORMATION_FORMAT = dwarf;
				ENABLE_STRICT_OBJC_MSGSEND = YES;
				ENABLE_TESTABILITY = YES;
				ENABLE_USER_SCRIPT_SANDBOXING = YES;
				GCC_C_LANGUAGE_STANDARD = gnu17;
				GCC_DYNAMIC_NO_PIC = NO;
				GCC_NO_COMMON_BLOCKS = YES;
				GCC_OPTIMIZATION_LEVEL = 0;
				GCC_PREPROCESSOR_DEFINITIONS = (
					"DEBUG=1",
					"$(inherited)",
				);
				GCC_WARN_64_TO_32_BIT_CONVERSION = YES;
				GCC_WARN_ABOUT_RETURN_TYPE = YES_ERROR;
				GCC_WARN_UNDECLARED_SELECTOR = YES;
				GCC_WARN_UNINITIALIZED_AUTOS = YES_AGGRESSIVE;
				GCC_WARN_UNUSED_FUNCTION = YES;
				GCC_WARN_UNUSED_VARIABLE = YES;
				IPHONEOS_DEPLOYMENT_TARGET = 17.2;
				LOCALIZATION_PREFERS_STRING_CATALOGS = YES;
				MTL_ENABLE_DEBUG_INFO = INCLUDE_SOURCE;
				MTL_FAST_MATH = YES;
				ONLY_ACTIVE_ARCH = YES;
				SDKROOT = iphoneos;
				SWIFT_ACTIVE_COMPILATION_CONDITIONS = "DEBUG $(inherited)";
				SWIFT_OPTIMIZATION_LEVEL = "-Onone";
			};
			name = Debug;
		};
		9D05932E2B7ED41A002D3427 /* Release */ = {
			isa = XCBuildConfiguration;
			buildSettings = {
				ALWAYS_SEARCH_USER_PATHS = NO;
				ASSETCATALOG_COMPILER_GENERATE_SWIFT_ASSET_SYMBOL_EXTENSIONS = YES;
				CLANG_ANALYZER_NONNULL = YES;
				CLANG_ANALYZER_NUMBER_OBJECT_CONVERSION = YES_AGGRESSIVE;
				CLANG_CXX_LANGUAGE_STANDARD = "gnu++20";
				CLANG_ENABLE_MODULES = YES;
				CLANG_ENABLE_OBJC_ARC = YES;
				CLANG_ENABLE_OBJC_WEAK = YES;
				CLANG_WARN_BLOCK_CAPTURE_AUTORELEASING = YES;
				CLANG_WARN_BOOL_CONVERSION = YES;
				CLANG_WARN_COMMA = YES;
				CLANG_WARN_CONSTANT_CONVERSION = YES;
				CLANG_WARN_DEPRECATED_OBJC_IMPLEMENTATIONS = YES;
				CLANG_WARN_DIRECT_OBJC_ISA_USAGE = YES_ERROR;
				CLANG_WARN_DOCUMENTATION_COMMENTS = YES;
				CLANG_WARN_EMPTY_BODY = YES;
				CLANG_WARN_ENUM_CONVERSION = YES;
				CLANG_WARN_INFINITE_RECURSION = YES;
				CLANG_WARN_INT_CONVERSION = YES;
				CLANG_WARN_NON_LITERAL_NULL_CONVERSION = YES;
				CLANG_WARN_OBJC_IMPLICIT_RETAIN_SELF = YES;
				CLANG_WARN_OBJC_LITERAL_CONVERSION = YES;
				CLANG_WARN_OBJC_ROOT_CLASS = YES_ERROR;
				CLANG_WARN_QUOTED_INCLUDE_IN_FRAMEWORK_HEADER = YES;
				CLANG_WARN_RANGE_LOOP_ANALYSIS = YES;
				CLANG_WARN_STRICT_PROTOTYPES = YES;
				CLANG_WARN_SUSPICIOUS_MOVE = YES;
				CLANG_WARN_UNGUARDED_AVAILABILITY = YES_AGGRESSIVE;
				CLANG_WARN_UNREACHABLE_CODE = YES;
				CLANG_WARN__DUPLICATE_METHOD_MATCH = YES;
				COPY_PHASE_STRIP = NO;
				DEBUG_INFORMATION_FORMAT = "dwarf-with-dsym";
				ENABLE_NS_ASSERTIONS = NO;
				ENABLE_STRICT_OBJC_MSGSEND = YES;
				ENABLE_USER_SCRIPT_SANDBOXING = YES;
				GCC_C_LANGUAGE_STANDARD = gnu17;
				GCC_NO_COMMON_BLOCKS = YES;
				GCC_WARN_64_TO_32_BIT_CONVERSION = YES;
				GCC_WARN_ABOUT_RETURN_TYPE = YES_ERROR;
				GCC_WARN_UNDECLARED_SELECTOR = YES;
				GCC_WARN_UNINITIALIZED_AUTOS = YES_AGGRESSIVE;
				GCC_WARN_UNUSED_FUNCTION = YES;
				GCC_WARN_UNUSED_VARIABLE = YES;
				IPHONEOS_DEPLOYMENT_TARGET = 17.2;
				LOCALIZATION_PREFERS_STRING_CATALOGS = YES;
				MTL_ENABLE_DEBUG_INFO = NO;
				MTL_FAST_MATH = YES;
				SDKROOT = iphoneos;
				SWIFT_COMPILATION_MODE = wholemodule;
				VALIDATE_PRODUCT = YES;
			};
			name = Release;
		};
		9D0593302B7ED41A002D3427 /* Debug */ = {
			isa = XCBuildConfiguration;
			buildSettings = {
				ASSETCATALOG_COMPILER_APPICON_NAME = AppIcon;
				ASSETCATALOG_COMPILER_GLOBAL_ACCENT_COLOR_NAME = AccentColor;
				CODE_SIGN_STYLE = Automatic;
				CURRENT_PROJECT_VERSION = 1;
				DEVELOPMENT_ASSET_PATHS = "\"PomoApp/Preview Content\"";
				DEVELOPMENT_TEAM = W7Z42K2MWD;
				ENABLE_PREVIEWS = YES;
				GENERATE_INFOPLIST_FILE = YES;
				INFOPLIST_KEY_UIApplicationSceneManifest_Generation = YES;
				INFOPLIST_KEY_UIApplicationSupportsIndirectInputEvents = YES;
				INFOPLIST_KEY_UILaunchScreen_Generation = YES;
				INFOPLIST_KEY_UISupportedInterfaceOrientations_iPad = "UIInterfaceOrientationPortrait UIInterfaceOrientationPortraitUpsideDown UIInterfaceOrientationLandscapeLeft UIInterfaceOrientationLandscapeRight";
				INFOPLIST_KEY_UISupportedInterfaceOrientations_iPhone = "UIInterfaceOrientationPortrait UIInterfaceOrientationLandscapeLeft UIInterfaceOrientationLandscapeRight";
				LD_RUNPATH_SEARCH_PATHS = (
					"$(inherited)",
					"@executable_path/Frameworks",
				);
				MARKETING_VERSION = 1.0;
				PRODUCT_BUNDLE_IDENTIFIER = madhugiri.ameya.PomoApp;
				PRODUCT_NAME = "$(TARGET_NAME)";
				SWIFT_EMIT_LOC_STRINGS = YES;
				SWIFT_VERSION = 5.0;
				TARGETED_DEVICE_FAMILY = "1,2";
			};
			name = Debug;
		};
		9D0593312B7ED41A002D3427 /* Release */ = {
			isa = XCBuildConfiguration;
			buildSettings = {
				ASSETCATALOG_COMPILER_APPICON_NAME = AppIcon;
				ASSETCATALOG_COMPILER_GLOBAL_ACCENT_COLOR_NAME = AccentColor;
				CODE_SIGN_STYLE = Automatic;
				CURRENT_PROJECT_VERSION = 1;
				DEVELOPMENT_ASSET_PATHS = "\"PomoApp/Preview Content\"";
				DEVELOPMENT_TEAM = W7Z42K2MWD;
				ENABLE_PREVIEWS = YES;
				GENERATE_INFOPLIST_FILE = YES;
				INFOPLIST_KEY_UIApplicationSceneManifest_Generation = YES;
				INFOPLIST_KEY_UIApplicationSupportsIndirectInputEvents = YES;
				INFOPLIST_KEY_UILaunchScreen_Generation = YES;
				INFOPLIST_KEY_UISupportedInterfaceOrientations_iPad = "UIInterfaceOrientationPortrait UIInterfaceOrientationPortraitUpsideDown UIInterfaceOrientationLandscapeLeft UIInterfaceOrientationLandscapeRight";
				INFOPLIST_KEY_UISupportedInterfaceOrientations_iPhone = "UIInterfaceOrientationPortrait UIInterfaceOrientationLandscapeLeft UIInterfaceOrientationLandscapeRight";
				LD_RUNPATH_SEARCH_PATHS = (
					"$(inherited)",
					"@executable_path/Frameworks",
				);
				MARKETING_VERSION = 1.0;
				PRODUCT_BUNDLE_IDENTIFIER = madhugiri.ameya.PomoApp;
				PRODUCT_NAME = "$(TARGET_NAME)";
				SWIFT_EMIT_LOC_STRINGS = YES;
				SWIFT_VERSION = 5.0;
				TARGETED_DEVICE_FAMILY = "1,2";
			};
			name = Release;
		};
		9DD84A672B8AAD75004A35A4 /* Debug */ = {
			isa = XCBuildConfiguration;
			buildSettings = {
				ASSETCATALOG_COMPILER_APPICON_NAME = AppIcon;
				ASSETCATALOG_COMPILER_GLOBAL_ACCENT_COLOR_NAME = AccentColor;
				CODE_SIGN_ENTITLEMENTS = PomoAppMenuBar/PomoAppMenuBar.entitlements;
				CODE_SIGN_STYLE = Automatic;
				COMBINE_HIDPI_IMAGES = YES;
				CURRENT_PROJECT_VERSION = 1;
				DEVELOPMENT_ASSET_PATHS = "\"PomoAppMenuBar/Preview Content\"";
				DEVELOPMENT_TEAM = W7Z42K2MWD;
				ENABLE_HARDENED_RUNTIME = YES;
				ENABLE_PREVIEWS = YES;
				GENERATE_INFOPLIST_FILE = YES;
				INFOPLIST_KEY_NSHumanReadableCopyright = "";
				LD_RUNPATH_SEARCH_PATHS = (
					"$(inherited)",
					"@executable_path/../Frameworks",
				);
				MACOSX_DEPLOYMENT_TARGET = 14.2;
				MARKETING_VERSION = 1.0;
				PRODUCT_BUNDLE_IDENTIFIER = madhugiri.ameya.PomoAppMenuBar;
				PRODUCT_NAME = "$(TARGET_NAME)";
				SDKROOT = macosx;
				SWIFT_EMIT_LOC_STRINGS = YES;
				SWIFT_VERSION = 5.0;
			};
			name = Debug;
		};
		9DD84A682B8AAD75004A35A4 /* Release */ = {
			isa = XCBuildConfiguration;
			buildSettings = {
				ASSETCATALOG_COMPILER_APPICON_NAME = AppIcon;
				ASSETCATALOG_COMPILER_GLOBAL_ACCENT_COLOR_NAME = AccentColor;
				CODE_SIGN_ENTITLEMENTS = PomoAppMenuBar/PomoAppMenuBar.entitlements;
				CODE_SIGN_STYLE = Automatic;
				COMBINE_HIDPI_IMAGES = YES;
				CURRENT_PROJECT_VERSION = 1;
				DEVELOPMENT_ASSET_PATHS = "\"PomoAppMenuBar/Preview Content\"";
				DEVELOPMENT_TEAM = W7Z42K2MWD;
				ENABLE_HARDENED_RUNTIME = YES;
				ENABLE_PREVIEWS = YES;
				GENERATE_INFOPLIST_FILE = YES;
				INFOPLIST_KEY_NSHumanReadableCopyright = "";
				LD_RUNPATH_SEARCH_PATHS = (
					"$(inherited)",
					"@executable_path/../Frameworks",
				);
				MACOSX_DEPLOYMENT_TARGET = 14.2;
				MARKETING_VERSION = 1.0;
				PRODUCT_BUNDLE_IDENTIFIER = madhugiri.ameya.PomoAppMenuBar;
				PRODUCT_NAME = "$(TARGET_NAME)";
				SDKROOT = macosx;
				SWIFT_EMIT_LOC_STRINGS = YES;
				SWIFT_VERSION = 5.0;
			};
			name = Release;
		};
/* End XCBuildConfiguration section */

/* Begin XCConfigurationList section */
		9D05931C2B7ED418002D3427 /* Build configuration list for PBXProject "PomoApp" */ = {
			isa = XCConfigurationList;
			buildConfigurations = (
				9D05932D2B7ED41A002D3427 /* Debug */,
				9D05932E2B7ED41A002D3427 /* Release */,
			);
			defaultConfigurationIsVisible = 0;
			defaultConfigurationName = Release;
		};
		9D05932F2B7ED41A002D3427 /* Build configuration list for PBXNativeTarget "PomoApp" */ = {
			isa = XCConfigurationList;
			buildConfigurations = (
				9D0593302B7ED41A002D3427 /* Debug */,
				9D0593312B7ED41A002D3427 /* Release */,
			);
			defaultConfigurationIsVisible = 0;
			defaultConfigurationName = Release;
		};
		9DD84A692B8AAD75004A35A4 /* Build configuration list for PBXNativeTarget "PomoAppMenuBar" */ = {
			isa = XCConfigurationList;
			buildConfigurations = (
				9DD84A672B8AAD75004A35A4 /* Debug */,
				9DD84A682B8AAD75004A35A4 /* Release */,
			);
			defaultConfigurationIsVisible = 0;
			defaultConfigurationName = Release;
		};
/* End XCConfigurationList section */
	};
	rootObject = 9D0593192B7ED417002D3427 /* Project object */;
}
